
Microsoft Visual Studio Solution File, Format Version 12.00
# Visual Studio Version 17
VisualStudioVersion = 17.0.31912.275
MinimumVisualStudioVersion = 10.0.40219.1
Project("{2150E333-8FDC-42A3-9474-1A3956D46DE8}") = "4. Microservices", "4. Microservices", "{A53B4D8E-F860-416B-A98C-7E1B8EA9CAFC}"
EndProject
Project("{9A19103F-16F7-4668-BE54-9A1E7A4F7556}") = "Getway.WebApi", "Getway.WebApi\Getway.WebApi.csproj", "{2EA49EE3-BBD2-4B1E-90A0-54F031521DD5}"
EndProject
Project("{9A19103F-16F7-4668-BE54-9A1E7A4F7556}") = "User.Register.Microservice", "User.Register.Microservice\User.Register.Microservice.csproj", "{4CBA786E-E9D5-4459-B79B-AE426A4886C3}"
EndProject
Project("{9A19103F-16F7-4668-BE54-9A1E7A4F7556}") = "User.Search.Microservice", "User.Search.Microservice\User.Search.Microservice.csproj", "{18B049A1-328D-4895-A465-5AFE98A615C5}"
EndProject
Project("{2150E333-8FDC-42A3-9474-1A3956D46DE8}") = "2. DAL", "2. DAL", "{366F29E9-4515-498F-BF03-5116872A96FC}"
EndProject
Project("{2150E333-8FDC-42A3-9474-1A3956D46DE8}") = "1. Core", "1. Core", "{672A19C5-66F1-4EBB-A03E-6E1C8A32AF35}"
EndProject
Project("{2150E333-8FDC-42A3-9474-1A3956D46DE8}") = "3. Services", "3. Services", "{298D6115-1564-471E-BFFA-1522D60ABA36}"
EndProject
Project("{2150E333-8FDC-42A3-9474-1A3956D46DE8}") = "User", "User", "{9C5CD85E-4EC2-4D1C-9978-67673A46CB32}"
EndProject
Project("{2150E333-8FDC-42A3-9474-1A3956D46DE8}") = "5. UI", "5. UI", "{ED869457-3186-4B86-BA79-0C78FC8BAF7A}"
EndProject
Project("{9A19103F-16F7-4668-BE54-9A1E7A4F7556}") = "Core", "Core\Core.csproj", "{C0BFE9D4-F773-4753-954F-58B163265FB2}"
EndProject
Project("{9A19103F-16F7-4668-BE54-9A1E7A4F7556}") = "DAL", "DAL\DAL.csproj", "{CF81B22A-8341-402B-AF2D-55AA9FEC8E53}"
EndProject
Project("{9A19103F-16F7-4668-BE54-9A1E7A4F7556}") = "Services", "Services\Services.csproj", "{ADE3EC16-4F67-4CB7-80EE-73E1EE9D4402}"
EndProject
Project("{FAE04EC0-301F-11D3-BF4B-00C04F79EFBC}") = "UI", "UI\UI.csproj", "{77F81123-8729-46EE-909D-A7A5636E9E52}"
EndProject
Global
	GlobalSection(SolutionConfigurationPlatforms) = preSolution
		Debug|Any CPU = Debug|Any CPU
		Release|Any CPU = Release|Any CPU
	EndGlobalSection
	GlobalSection(ProjectConfigurationPlatforms) = postSolution
		{2EA49EE3-BBD2-4B1E-90A0-54F031521DD5}.Debug|Any CPU.ActiveCfg = Debug|Any CPU
		{2EA49EE3-BBD2-4B1E-90A0-54F031521DD5}.Debug|Any CPU.Build.0 = Debug|Any CPU
		{2EA49EE3-BBD2-4B1E-90A0-54F031521DD5}.Release|Any CPU.ActiveCfg = Release|Any CPU
		{2EA49EE3-BBD2-4B1E-90A0-54F031521DD5}.Release|Any CPU.Build.0 = Release|Any CPU
		{4CBA786E-E9D5-4459-B79B-AE426A4886C3}.Debug|Any CPU.ActiveCfg = Debug|Any CPU
		{4CBA786E-E9D5-4459-B79B-AE426A4886C3}.Debug|Any CPU.Build.0 = Debug|Any CPU
		{4CBA786E-E9D5-4459-B79B-AE426A4886C3}.Release|Any CPU.ActiveCfg = Release|Any CPU
		{4CBA786E-E9D5-4459-B79B-AE426A4886C3}.Release|Any CPU.Build.0 = Release|Any CPU
		{18B049A1-328D-4895-A465-5AFE98A615C5}.Debug|Any CPU.ActiveCfg = Debug|Any CPU
		{18B049A1-328D-4895-A465-5AFE98A615C5}.Debug|Any CPU.Build.0 = Debug|Any CPU
		{18B049A1-328D-4895-A465-5AFE98A615C5}.Release|Any CPU.ActiveCfg = Release|Any CPU
		{18B049A1-328D-4895-A465-5AFE98A615C5}.Release|Any CPU.Build.0 = Release|Any CPU
		{C0BFE9D4-F773-4753-954F-58B163265FB2}.Debug|Any CPU.ActiveCfg = Debug|Any CPU
		{C0BFE9D4-F773-4753-954F-58B163265FB2}.Debug|Any CPU.Build.0 = Debug|Any CPU
		{C0BFE9D4-F773-4753-954F-58B163265FB2}.Release|Any CPU.ActiveCfg = Release|Any CPU
		{C0BFE9D4-F773-4753-954F-58B163265FB2}.Release|Any CPU.Build.0 = Release|Any CPU
		{CF81B22A-8341-402B-AF2D-55AA9FEC8E53}.Debug|Any CPU.ActiveCfg = Debug|Any CPU
		{CF81B22A-8341-402B-AF2D-55AA9FEC8E53}.Debug|Any CPU.Build.0 = Debug|Any CPU
		{CF81B22A-8341-402B-AF2D-55AA9FEC8E53}.Release|Any CPU.ActiveCfg = Release|Any CPU
		{CF81B22A-8341-402B-AF2D-55AA9FEC8E53}.Release|Any CPU.Build.0 = Release|Any CPU
		{ADE3EC16-4F67-4CB7-80EE-73E1EE9D4402}.Debug|Any CPU.ActiveCfg = Debug|Any CPU
		{ADE3EC16-4F67-4CB7-80EE-73E1EE9D4402}.Debug|Any CPU.Build.0 = Debug|Any CPU
		{ADE3EC16-4F67-4CB7-80EE-73E1EE9D4402}.Release|Any CPU.ActiveCfg = Release|Any CPU
		{ADE3EC16-4F67-4CB7-80EE-73E1EE9D4402}.Release|Any CPU.Build.0 = Release|Any CPU
		{77F81123-8729-46EE-909D-A7A5636E9E52}.Debug|Any CPU.ActiveCfg = Debug|Any CPU
		{77F81123-8729-46EE-909D-A7A5636E9E52}.Debug|Any CPU.Build.0 = Debug|Any CPU
		{77F81123-8729-46EE-909D-A7A5636E9E52}.Release|Any CPU.ActiveCfg = Release|Any CPU
		{77F81123-8729-46EE-909D-A7A5636E9E52}.Release|Any CPU.Build.0 = Release|Any CPU
	EndGlobalSection
	GlobalSection(SolutionProperties) = preSolution
		HideSolutionNode = FALSE
	EndGlobalSection
	GlobalSection(NestedProjects) = preSolution
		{2EA49EE3-BBD2-4B1E-90A0-54F031521DD5} = {A53B4D8E-F860-416B-A98C-7E1B8EA9CAFC}
		{4CBA786E-E9D5-4459-B79B-AE426A4886C3} = {9C5CD85E-4EC2-4D1C-9978-67673A46CB32}
		{18B049A1-328D-4895-A465-5AFE98A615C5} = {9C5CD85E-4EC2-4D1C-9978-67673A46CB32}
		{9C5CD85E-4EC2-4D1C-9978-67673A46CB32} = {A53B4D8E-F860-416B-A98C-7E1B8EA9CAFC}
		{C0BFE9D4-F773-4753-954F-58B163265FB2} = {672A19C5-66F1-4EBB-A03E-6E1C8A32AF35}
		{CF81B22A-8341-402B-AF2D-55AA9FEC8E53} = {366F29E9-4515-498F-BF03-5116872A96FC}
		{ADE3EC16-4F67-4CB7-80EE-73E1EE9D4402} = {298D6115-1564-471E-BFFA-1522D60ABA36}
		{77F81123-8729-46EE-909D-A7A5636E9E52} = {ED869457-3186-4B86-BA79-0C78FC8BAF7A}
	EndGlobalSection
	GlobalSection(ExtensibilityGlobals) = postSolution
		SolutionGuid = {DD523FF3-E948-4C0A-9D57-E7EF274F04B5}
	EndGlobalSection
EndGlobal
